
Microsoft Visual Studio Solution File, Format Version 12.00
# Visual Studio Version 16
VisualStudioVersion = 16.0.30204.135
MinimumVisualStudioVersion = 10.0.40219.1
Project("{FAE04EC0-301F-11D3-BF4B-00C04F79EFBC}") = "Robotics Testing", "Robotics Testing\Robotics Testing.csproj", "{C4271525-220F-4AF0-ACD6-5A28C92449CA}"
EndProject
Global
	GlobalSection(SolutionConfigurationPlatforms) = preSolution
		Debug|Any CPU = Debug|Any CPU
		Release|Any CPU = Release|Any CPU
	EndGlobalSection
	GlobalSection(ProjectConfigurationPlatforms) = postSolution
		{C4271525-220F-4AF0-ACD6-5A28C92449CA}.Debug|Any CPU.ActiveCfg = Debug|Any CPU
		{C4271525-220F-4AF0-ACD6-5A28C92449CA}.Debug|Any CPU.Build.0 = Debug|Any CPU
		{C4271525-220F-4AF0-ACD6-5A28C92449CA}.Release|Any CPU.ActiveCfg = Release|Any CPU
		{C4271525-220F-4AF0-ACD6-5A28C92449CA}.Release|Any CPU.Build.0 = Release|Any CPU
	EndGlobalSection
	GlobalSection(SolutionProperties) = preSolution
		HideSolutionNode = FALSE
	EndGlobalSection
	GlobalSection(ExtensibilityGlobals) = postSolution
		SolutionGuid = {CB6A8DCC-883C-4AF6-B708-C24E9BE6EBBD}
	EndGlobalSection
EndGlobal
